// !$*UTF8*$!
{
	archiveVersion = 1;
	classes = {
	};
	objectVersion = 50;
	objects = {

/* Begin PBXBuildFile section */
		A50ACDA821672F3800BFFF63 /* NotificationCenter.framework in Frameworks */ = {isa = PBXBuildFile; fileRef = A50ACDA721672F3800BFFF63 /* NotificationCenter.framework */; };
		A50ACDAB21672F3800BFFF63 /* TodayViewController.swift in Sources */ = {isa = PBXBuildFile; fileRef = A50ACDAA21672F3800BFFF63 /* TodayViewController.swift */; };
		A50ACDAE21672F3800BFFF63 /* MainInterface.storyboard in Resources */ = {isa = PBXBuildFile; fileRef = A50ACDAC21672F3800BFFF63 /* MainInterface.storyboard */; };
		A50ACDB221672F3800BFFF63 /* TodayExtension.appex in Embed App Extensions */ = {isa = PBXBuildFile; fileRef = A50ACDA621672F3800BFFF63 /* TodayExtension.appex */; settings = {ATTRIBUTES = (RemoveHeadersOnCopy, ); }; };
		A50ACDBD21672F5D00BFFF63 /* Messages.framework in Frameworks */ = {isa = PBXBuildFile; fileRef = A50ACDBC21672F5D00BFFF63 /* Messages.framework */; };
		A50ACDC021672F5D00BFFF63 /* MessagesViewController.swift in Sources */ = {isa = PBXBuildFile; fileRef = A50ACDBF21672F5D00BFFF63 /* MessagesViewController.swift */; };
		A50ACDC321672F5D00BFFF63 /* MainInterface.storyboard in Resources */ = {isa = PBXBuildFile; fileRef = A50ACDC121672F5D00BFFF63 /* MainInterface.storyboard */; };
		A50ACDC521672F5F00BFFF63 /* Assets.xcassets in Resources */ = {isa = PBXBuildFile; fileRef = A50ACDC421672F5F00BFFF63 /* Assets.xcassets */; };
		A50ACDC921672F5F00BFFF63 /* MessageExtension.appex in Embed App Extensions */ = {isa = PBXBuildFile; fileRef = A50ACDBB21672F5D00BFFF63 /* MessageExtension.appex */; settings = {ATTRIBUTES = (RemoveHeadersOnCopy, ); }; };
		A5127CE7216844D2009069A3 /* FJContactDetailViewController.swift in Sources */ = {isa = PBXBuildFile; fileRef = A5127CE5216844D2009069A3 /* FJContactDetailViewController.swift */; };
		A5127CE8216844D2009069A3 /* FJContactDetailViewController.xib in Resources */ = {isa = PBXBuildFile; fileRef = A5127CE6216844D2009069A3 /* FJContactDetailViewController.xib */; };
		A533C0B7215E8892002ED0FB /* FJImageGeneratorViewController.swift in Sources */ = {isa = PBXBuildFile; fileRef = A533C0B6215E8892002ED0FB /* FJImageGeneratorViewController.swift */; };
		A535F7562158DDFB009D9FDE /* Toast.swift in Sources */ = {isa = PBXBuildFile; fileRef = A535F7552158DDFB009D9FDE /* Toast.swift */; };
		A535F75A2158EBE7009D9FDE /* FJCollectTableViewCell.swift in Sources */ = {isa = PBXBuildFile; fileRef = A535F7592158EBE7009D9FDE /* FJCollectTableViewCell.swift */; };
		A535F75C2158F00C009D9FDE /* FJMessageDetailViewController.swift in Sources */ = {isa = PBXBuildFile; fileRef = A535F75B2158F00C009D9FDE /* FJMessageDetailViewController.swift */; };
		A535F75E2158F299009D9FDE /* FJUISchema.swift in Sources */ = {isa = PBXBuildFile; fileRef = A535F75D2158F299009D9FDE /* FJUISchema.swift */; };
		A5442759215D297F002AC3DE /* StringExtension.swift in Sources */ = {isa = PBXBuildFile; fileRef = A5442758215D297F002AC3DE /* StringExtension.swift */; };
		A54B0359213EE5C6003EC412 /* FJQRMessage.swift in Sources */ = {isa = PBXBuildFile; fileRef = A54B0358213EE5C6003EC412 /* FJQRMessage.swift */; };
		A588ED39215FB7AD00B01B5F /* FJQRImageGenerateUtil.swift in Sources */ = {isa = PBXBuildFile; fileRef = A588ED38215FB7AD00B01B5F /* FJQRImageGenerateUtil.swift */; };
		A5B1AE94213D8A5F0009540D /* AppDelegate.swift in Sources */ = {isa = PBXBuildFile; fileRef = A5B1AE93213D8A5F0009540D /* AppDelegate.swift */; };
		A5B1AE9B213D8A610009540D /* Assets.xcassets in Resources */ = {isa = PBXBuildFile; fileRef = A5B1AE9A213D8A610009540D /* Assets.xcassets */; };
		A5B1AE9E213D8A610009540D /* LaunchScreen.storyboard in Resources */ = {isa = PBXBuildFile; fileRef = A5B1AE9C213D8A610009540D /* LaunchScreen.storyboard */; };
		A5B1AEA9213D8A610009540D /* FJScannerTests.swift in Sources */ = {isa = PBXBuildFile; fileRef = A5B1AEA8213D8A610009540D /* FJScannerTests.swift */; };
		A5B1AEB4213D8A610009540D /* FJScannerUITests.swift in Sources */ = {isa = PBXBuildFile; fileRef = A5B1AEB3213D8A610009540D /* FJScannerUITests.swift */; };
		A5B1AEC4213D8C120009540D /* FJRootViewController.swift in Sources */ = {isa = PBXBuildFile; fileRef = A5B1AEC3213D8C120009540D /* FJRootViewController.swift */; };
		A5B1AEC6213D8EC70009540D /* FJScannerViewController.swift in Sources */ = {isa = PBXBuildFile; fileRef = A5B1AEC5213D8EC70009540D /* FJScannerViewController.swift */; };
		A5B1AEC8213D8EE10009540D /* FJCollectorViewController.swift in Sources */ = {isa = PBXBuildFile; fileRef = A5B1AEC7213D8EE10009540D /* FJCollectorViewController.swift */; };
		A5E636E121676D0900B3B739 /* FJBottomMenuView.swift in Sources */ = {isa = PBXBuildFile; fileRef = A5E636E021676D0900B3B739 /* FJBottomMenuView.swift */; };
		DE8D06FF2994AB4C58923C60 /* Pods_FJScanner.framework in Frameworks */ = {isa = PBXBuildFile; fileRef = D1586C618C2CB83D0D2A0380 /* Pods_FJScanner.framework */; };
		F287C67B46155E5DBACE13BB /* Pods_FJScannerTests.framework in Frameworks */ = {isa = PBXBuildFile; fileRef = E3507C265C3FE5281726E40D /* Pods_FJScannerTests.framework */; };
		F989BF630CE53F0AB3208170 /* Pods_FJScannerUITests.framework in Frameworks */ = {isa = PBXBuildFile; fileRef = A825A6A805CF1FFD5DF8DB66 /* Pods_FJScannerUITests.framework */; };
/* End PBXBuildFile section */

/* Begin PBXContainerItemProxy section */
		A50ACDB021672F3800BFFF63 /* PBXContainerItemProxy */ = {
			isa = PBXContainerItemProxy;
			containerPortal = A5B1AE88213D8A5F0009540D /* Project object */;
			proxyType = 1;
			remoteGlobalIDString = A50ACDA521672F3800BFFF63;
			remoteInfo = TodayExtension;
		};
		A50ACDC721672F5F00BFFF63 /* PBXContainerItemProxy */ = {
			isa = PBXContainerItemProxy;
			containerPortal = A5B1AE88213D8A5F0009540D /* Project object */;
			proxyType = 1;
			remoteGlobalIDString = A50ACDBA21672F5D00BFFF63;
			remoteInfo = MessageExtension;
		};
		A5B1AEA5213D8A610009540D /* PBXContainerItemProxy */ = {
			isa = PBXContainerItemProxy;
			containerPortal = A5B1AE88213D8A5F0009540D /* Project object */;
			proxyType = 1;
			remoteGlobalIDString = A5B1AE8F213D8A5F0009540D;
			remoteInfo = FJScanner;
		};
		A5B1AEB0213D8A610009540D /* PBXContainerItemProxy */ = {
			isa = PBXContainerItemProxy;
			containerPortal = A5B1AE88213D8A5F0009540D /* Project object */;
			proxyType = 1;
			remoteGlobalIDString = A5B1AE8F213D8A5F0009540D;
			remoteInfo = FJScanner;
		};
/* End PBXContainerItemProxy section */

/* Begin PBXCopyFilesBuildPhase section */
		A50ACDB621672F3800BFFF63 /* Embed App Extensions */ = {
			isa = PBXCopyFilesBuildPhase;
			buildActionMask = 2147483647;
			dstPath = "";
			dstSubfolderSpec = 13;
			files = (
				A50ACDC921672F5F00BFFF63 /* MessageExtension.appex in Embed App Extensions */,
				A50ACDB221672F3800BFFF63 /* TodayExtension.appex in Embed App Extensions */,
			);
			name = "Embed App Extensions";
			runOnlyForDeploymentPostprocessing = 0;
		};
/* End PBXCopyFilesBuildPhase section */

/* Begin PBXFileReference section */
		1726049D4B2F9D476AB9203D /* Pods-FJScannerTests.debug.xcconfig */ = {isa = PBXFileReference; includeInIndex = 1; lastKnownFileType = text.xcconfig; name = "Pods-FJScannerTests.debug.xcconfig"; path = "Pods/Target Support Files/Pods-FJScannerTests/Pods-FJScannerTests.debug.xcconfig"; sourceTree = "<group>"; };
		2FE6A31DFB57598B6DD178FA /* Pods-FJScannerUITests.release.xcconfig */ = {isa = PBXFileReference; includeInIndex = 1; lastKnownFileType = text.xcconfig; name = "Pods-FJScannerUITests.release.xcconfig"; path = "Pods/Target Support Files/Pods-FJScannerUITests/Pods-FJScannerUITests.release.xcconfig"; sourceTree = "<group>"; };
		41506A99EC819784BA76CA7B /* Pods-FJScannerTests.release.xcconfig */ = {isa = PBXFileReference; includeInIndex = 1; lastKnownFileType = text.xcconfig; name = "Pods-FJScannerTests.release.xcconfig"; path = "Pods/Target Support Files/Pods-FJScannerTests/Pods-FJScannerTests.release.xcconfig"; sourceTree = "<group>"; };
		68132069F1F7C1E0A0967105 /* Pods-FJScannerUITests.debug.xcconfig */ = {isa = PBXFileReference; includeInIndex = 1; lastKnownFileType = text.xcconfig; name = "Pods-FJScannerUITests.debug.xcconfig"; path = "Pods/Target Support Files/Pods-FJScannerUITests/Pods-FJScannerUITests.debug.xcconfig"; sourceTree = "<group>"; };
		6D059EEE0C6F58CB782B3267 /* Pods-FJScanner.debug.xcconfig */ = {isa = PBXFileReference; includeInIndex = 1; lastKnownFileType = text.xcconfig; name = "Pods-FJScanner.debug.xcconfig"; path = "Pods/Target Support Files/Pods-FJScanner/Pods-FJScanner.debug.xcconfig"; sourceTree = "<group>"; };
		8C5EE5EFC86F4B76629D2639 /* Pods-FJScanner.release.xcconfig */ = {isa = PBXFileReference; includeInIndex = 1; lastKnownFileType = text.xcconfig; name = "Pods-FJScanner.release.xcconfig"; path = "Pods/Target Support Files/Pods-FJScanner/Pods-FJScanner.release.xcconfig"; sourceTree = "<group>"; };
		A50ACDA621672F3800BFFF63 /* TodayExtension.appex */ = {isa = PBXFileReference; explicitFileType = "wrapper.app-extension"; includeInIndex = 0; path = TodayExtension.appex; sourceTree = BUILT_PRODUCTS_DIR; };
		A50ACDA721672F3800BFFF63 /* NotificationCenter.framework */ = {isa = PBXFileReference; lastKnownFileType = wrapper.framework; name = NotificationCenter.framework; path = System/Library/Frameworks/NotificationCenter.framework; sourceTree = SDKROOT; };
		A50ACDAA21672F3800BFFF63 /* TodayViewController.swift */ = {isa = PBXFileReference; lastKnownFileType = sourcecode.swift; path = TodayViewController.swift; sourceTree = "<group>"; };
		A50ACDAD21672F3800BFFF63 /* Base */ = {isa = PBXFileReference; lastKnownFileType = file.storyboard; name = Base; path = Base.lproj/MainInterface.storyboard; sourceTree = "<group>"; };
		A50ACDAF21672F3800BFFF63 /* Info.plist */ = {isa = PBXFileReference; lastKnownFileType = text.plist.xml; path = Info.plist; sourceTree = "<group>"; };
		A50ACDBB21672F5D00BFFF63 /* MessageExtension.appex */ = {isa = PBXFileReference; explicitFileType = "wrapper.app-extension"; includeInIndex = 0; path = MessageExtension.appex; sourceTree = BUILT_PRODUCTS_DIR; };
		A50ACDBC21672F5D00BFFF63 /* Messages.framework */ = {isa = PBXFileReference; lastKnownFileType = wrapper.framework; name = Messages.framework; path = System/Library/Frameworks/Messages.framework; sourceTree = SDKROOT; };
		A50ACDBF21672F5D00BFFF63 /* MessagesViewController.swift */ = {isa = PBXFileReference; lastKnownFileType = sourcecode.swift; path = MessagesViewController.swift; sourceTree = "<group>"; };
		A50ACDC221672F5D00BFFF63 /* Base */ = {isa = PBXFileReference; lastKnownFileType = file.storyboard; name = Base; path = Base.lproj/MainInterface.storyboard; sourceTree = "<group>"; };
		A50ACDC421672F5F00BFFF63 /* Assets.xcassets */ = {isa = PBXFileReference; lastKnownFileType = folder.assetcatalog; path = Assets.xcassets; sourceTree = "<group>"; };
		A50ACDC621672F5F00BFFF63 /* Info.plist */ = {isa = PBXFileReference; lastKnownFileType = text.plist.xml; path = Info.plist; sourceTree = "<group>"; };
		A50ACDCD2167303000BFFF63 /* MessageExtension.entitlements */ = {isa = PBXFileReference; lastKnownFileType = text.plist.entitlements; path = MessageExtension.entitlements; sourceTree = "<group>"; };
		A50ACDCE2167309800BFFF63 /* TodayExtension.entitlements */ = {isa = PBXFileReference; lastKnownFileType = text.plist.entitlements; path = TodayExtension.entitlements; sourceTree = "<group>"; };
		A50ACDCF216730A500BFFF63 /* FJScanner.entitlements */ = {isa = PBXFileReference; lastKnownFileType = text.plist.entitlements; path = FJScanner.entitlements; sourceTree = "<group>"; };
		A5127CE5216844D2009069A3 /* FJContactDetailViewController.swift */ = {isa = PBXFileReference; lastKnownFileType = sourcecode.swift; path = FJContactDetailViewController.swift; sourceTree = "<group>"; };
		A5127CE6216844D2009069A3 /* FJContactDetailViewController.xib */ = {isa = PBXFileReference; lastKnownFileType = file.xib; path = FJContactDetailViewController.xib; sourceTree = "<group>"; };
		A533C0B6215E8892002ED0FB /* FJImageGeneratorViewController.swift */ = {isa = PBXFileReference; lastKnownFileType = sourcecode.swift; path = FJImageGeneratorViewController.swift; sourceTree = "<group>"; };
		A535F7552158DDFB009D9FDE /* Toast.swift */ = {isa = PBXFileReference; fileEncoding = 4; lastKnownFileType = sourcecode.swift; path = Toast.swift; sourceTree = "<group>"; };
		A535F7592158EBE7009D9FDE /* FJCollectTableViewCell.swift */ = {isa = PBXFileReference; lastKnownFileType = sourcecode.swift; path = FJCollectTableViewCell.swift; sourceTree = "<group>"; };
		A535F75B2158F00C009D9FDE /* FJMessageDetailViewController.swift */ = {isa = PBXFileReference; lastKnownFileType = sourcecode.swift; path = FJMessageDetailViewController.swift; sourceTree = "<group>"; };
		A535F75D2158F299009D9FDE /* FJUISchema.swift */ = {isa = PBXFileReference; lastKnownFileType = sourcecode.swift; path = FJUISchema.swift; sourceTree = "<group>"; };
		A5442758215D297F002AC3DE /* StringExtension.swift */ = {isa = PBXFileReference; lastKnownFileType = sourcecode.swift; path = StringExtension.swift; sourceTree = "<group>"; };
		A54B0358213EE5C6003EC412 /* FJQRMessage.swift */ = {isa = PBXFileReference; lastKnownFileType = sourcecode.swift; path = FJQRMessage.swift; sourceTree = "<group>"; };
		A54D89DD215BCFA3002810CE /* README.md */ = {isa = PBXFileReference; lastKnownFileType = net.daringfireball.markdown; path = README.md; sourceTree = "<group>"; };
		A588ED38215FB7AD00B01B5F /* FJQRImageGenerateUtil.swift */ = {isa = PBXFileReference; lastKnownFileType = sourcecode.swift; path = FJQRImageGenerateUtil.swift; sourceTree = "<group>"; };
		A5B1AE90213D8A5F0009540D /* FJScanner.app */ = {isa = PBXFileReference; explicitFileType = wrapper.application; includeInIndex = 0; path = FJScanner.app; sourceTree = BUILT_PRODUCTS_DIR; };
		A5B1AE93213D8A5F0009540D /* AppDelegate.swift */ = {isa = PBXFileReference; lastKnownFileType = sourcecode.swift; path = AppDelegate.swift; sourceTree = "<group>"; };
		A5B1AE9A213D8A610009540D /* Assets.xcassets */ = {isa = PBXFileReference; lastKnownFileType = folder.assetcatalog; path = Assets.xcassets; sourceTree = "<group>"; };
		A5B1AE9D213D8A610009540D /* Base */ = {isa = PBXFileReference; lastKnownFileType = file.storyboard; name = Base; path = Base.lproj/LaunchScreen.storyboard; sourceTree = "<group>"; };
		A5B1AE9F213D8A610009540D /* Info.plist */ = {isa = PBXFileReference; lastKnownFileType = text.plist.xml; path = Info.plist; sourceTree = "<group>"; };
		A5B1AEA4213D8A610009540D /* FJScannerTests.xctest */ = {isa = PBXFileReference; explicitFileType = wrapper.cfbundle; includeInIndex = 0; path = FJScannerTests.xctest; sourceTree = BUILT_PRODUCTS_DIR; };
		A5B1AEA8213D8A610009540D /* FJScannerTests.swift */ = {isa = PBXFileReference; lastKnownFileType = sourcecode.swift; path = FJScannerTests.swift; sourceTree = "<group>"; };
		A5B1AEAA213D8A610009540D /* Info.plist */ = {isa = PBXFileReference; lastKnownFileType = text.plist.xml; path = Info.plist; sourceTree = "<group>"; };
		A5B1AEAF213D8A610009540D /* FJScannerUITests.xctest */ = {isa = PBXFileReference; explicitFileType = wrapper.cfbundle; includeInIndex = 0; path = FJScannerUITests.xctest; sourceTree = BUILT_PRODUCTS_DIR; };
		A5B1AEB3213D8A610009540D /* FJScannerUITests.swift */ = {isa = PBXFileReference; lastKnownFileType = sourcecode.swift; path = FJScannerUITests.swift; sourceTree = "<group>"; };
		A5B1AEB5213D8A610009540D /* Info.plist */ = {isa = PBXFileReference; lastKnownFileType = text.plist.xml; path = Info.plist; sourceTree = "<group>"; };
		A5B1AEC3213D8C120009540D /* FJRootViewController.swift */ = {isa = PBXFileReference; lastKnownFileType = sourcecode.swift; path = FJRootViewController.swift; sourceTree = "<group>"; };
		A5B1AEC5213D8EC70009540D /* FJScannerViewController.swift */ = {isa = PBXFileReference; lastKnownFileType = sourcecode.swift; path = FJScannerViewController.swift; sourceTree = "<group>"; };
		A5B1AEC7213D8EE10009540D /* FJCollectorViewController.swift */ = {isa = PBXFileReference; lastKnownFileType = sourcecode.swift; path = FJCollectorViewController.swift; sourceTree = "<group>"; };
		A5E636E021676D0900B3B739 /* FJBottomMenuView.swift */ = {isa = PBXFileReference; lastKnownFileType = sourcecode.swift; path = FJBottomMenuView.swift; sourceTree = "<group>"; };
		A825A6A805CF1FFD5DF8DB66 /* Pods_FJScannerUITests.framework */ = {isa = PBXFileReference; explicitFileType = wrapper.framework; includeInIndex = 0; path = Pods_FJScannerUITests.framework; sourceTree = BUILT_PRODUCTS_DIR; };
		D1586C618C2CB83D0D2A0380 /* Pods_FJScanner.framework */ = {isa = PBXFileReference; explicitFileType = wrapper.framework; includeInIndex = 0; path = Pods_FJScanner.framework; sourceTree = BUILT_PRODUCTS_DIR; };
		E3507C265C3FE5281726E40D /* Pods_FJScannerTests.framework */ = {isa = PBXFileReference; explicitFileType = wrapper.framework; includeInIndex = 0; path = Pods_FJScannerTests.framework; sourceTree = BUILT_PRODUCTS_DIR; };
/* End PBXFileReference section */

/* Begin PBXFrameworksBuildPhase section */
		A50ACDA321672F3800BFFF63 /* Frameworks */ = {
			isa = PBXFrameworksBuildPhase;
			buildActionMask = 2147483647;
			files = (
				A50ACDA821672F3800BFFF63 /* NotificationCenter.framework in Frameworks */,
			);
			runOnlyForDeploymentPostprocessing = 0;
		};
		A50ACDB821672F5D00BFFF63 /* Frameworks */ = {
			isa = PBXFrameworksBuildPhase;
			buildActionMask = 2147483647;
			files = (
				A50ACDBD21672F5D00BFFF63 /* Messages.framework in Frameworks */,
			);
			runOnlyForDeploymentPostprocessing = 0;
		};
		A5B1AE8D213D8A5F0009540D /* Frameworks */ = {
			isa = PBXFrameworksBuildPhase;
			buildActionMask = 2147483647;
			files = (
				DE8D06FF2994AB4C58923C60 /* Pods_FJScanner.framework in Frameworks */,
			);
			runOnlyForDeploymentPostprocessing = 0;
		};
		A5B1AEA1213D8A610009540D /* Frameworks */ = {
			isa = PBXFrameworksBuildPhase;
			buildActionMask = 2147483647;
			files = (
				F287C67B46155E5DBACE13BB /* Pods_FJScannerTests.framework in Frameworks */,
			);
			runOnlyForDeploymentPostprocessing = 0;
		};
		A5B1AEAC213D8A610009540D /* Frameworks */ = {
			isa = PBXFrameworksBuildPhase;
			buildActionMask = 2147483647;
			files = (
				F989BF630CE53F0AB3208170 /* Pods_FJScannerUITests.framework in Frameworks */,
			);
			runOnlyForDeploymentPostprocessing = 0;
		};
/* End PBXFrameworksBuildPhase section */

/* Begin PBXGroup section */
		3B4F2892FA6A433EF1B967B7 /* Frameworks */ = {
			isa = PBXGroup;
			children = (
				D1586C618C2CB83D0D2A0380 /* Pods_FJScanner.framework */,
				E3507C265C3FE5281726E40D /* Pods_FJScannerTests.framework */,
				A825A6A805CF1FFD5DF8DB66 /* Pods_FJScannerUITests.framework */,
				A50ACDA721672F3800BFFF63 /* NotificationCenter.framework */,
				A50ACDBC21672F5D00BFFF63 /* Messages.framework */,
			);
			name = Frameworks;
			sourceTree = "<group>";
		};
		A509A06F213D951F000E7E52 /* ViewController */ = {
			isa = PBXGroup;
			children = (
				A5B1AEC3213D8C120009540D /* FJRootViewController.swift */,
				A5B1AEC5213D8EC70009540D /* FJScannerViewController.swift */,
				A5B1AEC7213D8EE10009540D /* FJCollectorViewController.swift */,
				A535F75B2158F00C009D9FDE /* FJMessageDetailViewController.swift */,
				A533C0B6215E8892002ED0FB /* FJImageGeneratorViewController.swift */,
				A5127CE5216844D2009069A3 /* FJContactDetailViewController.swift */,
				A5127CE6216844D2009069A3 /* FJContactDetailViewController.xib */,
			);
			path = ViewController;
			sourceTree = "<group>";
		};
		A509A070213D9B15000E7E52 /* Model */ = {
			isa = PBXGroup;
			children = (
				A54B0358213EE5C6003EC412 /* FJQRMessage.swift */,
			);
			path = Model;
			sourceTree = "<group>";
		};
		A50ACDA921672F3800BFFF63 /* TodayExtension */ = {
			isa = PBXGroup;
			children = (
				A50ACDCE2167309800BFFF63 /* TodayExtension.entitlements */,
				A50ACDAA21672F3800BFFF63 /* TodayViewController.swift */,
				A50ACDAC21672F3800BFFF63 /* MainInterface.storyboard */,
				A50ACDAF21672F3800BFFF63 /* Info.plist */,
			);
			path = TodayExtension;
			sourceTree = "<group>";
		};
		A50ACDBE21672F5D00BFFF63 /* MessageExtension */ = {
			isa = PBXGroup;
			children = (
				A50ACDCD2167303000BFFF63 /* MessageExtension.entitlements */,
				A50ACDBF21672F5D00BFFF63 /* MessagesViewController.swift */,
				A50ACDC121672F5D00BFFF63 /* MainInterface.storyboard */,
				A50ACDC421672F5F00BFFF63 /* Assets.xcassets */,
				A50ACDC621672F5F00BFFF63 /* Info.plist */,
			);
			path = MessageExtension;
			sourceTree = "<group>";
		};
		A535F7542158DDE7009D9FDE /* Uitls */ = {
			isa = PBXGroup;
			children = (
				A588ED38215FB7AD00B01B5F /* FJQRImageGenerateUtil.swift */,
				A535F75D2158F299009D9FDE /* FJUISchema.swift */,
			);
			path = Uitls;
			sourceTree = "<group>";
		};
		A535F7572158E670009D9FDE /* Cell */ = {
			isa = PBXGroup;
			children = (
				A535F7592158EBE7009D9FDE /* FJCollectTableViewCell.swift */,
			);
			path = Cell;
			sourceTree = "<group>";
		};
		A535F7582158E677009D9FDE /* View */ = {
			isa = PBXGroup;
			children = (
				A5E636E021676D0900B3B739 /* FJBottomMenuView.swift */,
			);
			path = View;
			sourceTree = "<group>";
		};
		A5442756215D1FA2002AC3DE /* Resourse */ = {
			isa = PBXGroup;
			children = (
				A54D89DD215BCFA3002810CE /* README.md */,
				A5B1AE9C213D8A610009540D /* LaunchScreen.storyboard */,
				A5B1AE9A213D8A610009540D /* Assets.xcassets */,
			);
			path = Resourse;
			sourceTree = "<group>";
		};
		A5442757215D2951002AC3DE /* Extension */ = {
			isa = PBXGroup;
			children = (
				A535F7552158DDFB009D9FDE /* Toast.swift */,
				A5442758215D297F002AC3DE /* StringExtension.swift */,
			);
			path = Extension;
			sourceTree = "<group>";
		};
		A5B1AE87213D8A5F0009540D = {
			isa = PBXGroup;
			children = (
				A5B1AE92213D8A5F0009540D /* FJScanner */,
				A5B1AEA7213D8A610009540D /* FJScannerTests */,
				A5B1AEB2213D8A610009540D /* FJScannerUITests */,
				A50ACDA921672F3800BFFF63 /* TodayExtension */,
				A50ACDBE21672F5D00BFFF63 /* MessageExtension */,
				A5B1AE91213D8A5F0009540D /* Products */,
				B67F5FA08DA5347B0043C9CD /* Pods */,
				3B4F2892FA6A433EF1B967B7 /* Frameworks */,
			);
			sourceTree = "<group>";
		};
		A5B1AE91213D8A5F0009540D /* Products */ = {
			isa = PBXGroup;
			children = (
				A5B1AE90213D8A5F0009540D /* FJScanner.app */,
				A5B1AEA4213D8A610009540D /* FJScannerTests.xctest */,
				A5B1AEAF213D8A610009540D /* FJScannerUITests.xctest */,
				A50ACDA621672F3800BFFF63 /* TodayExtension.appex */,
				A50ACDBB21672F5D00BFFF63 /* MessageExtension.appex */,
			);
			name = Products;
			sourceTree = "<group>";
		};
		A5B1AE92213D8A5F0009540D /* FJScanner */ = {
			isa = PBXGroup;
			children = (
				A50ACDCF216730A500BFFF63 /* FJScanner.entitlements */,
				A5442757215D2951002AC3DE /* Extension */,
				A5442756215D1FA2002AC3DE /* Resourse */,
				A535F7582158E677009D9FDE /* View */,
				A535F7572158E670009D9FDE /* Cell */,
				A535F7542158DDE7009D9FDE /* Uitls */,
				A509A070213D9B15000E7E52 /* Model */,
				A509A06F213D951F000E7E52 /* ViewController */,
				A5B1AE93213D8A5F0009540D /* AppDelegate.swift */,
				A5B1AE9F213D8A610009540D /* Info.plist */,
			);
			path = FJScanner;
			sourceTree = "<group>";
		};
		A5B1AEA7213D8A610009540D /* FJScannerTests */ = {
			isa = PBXGroup;
			children = (
				A5B1AEA8213D8A610009540D /* FJScannerTests.swift */,
				A5B1AEAA213D8A610009540D /* Info.plist */,
			);
			path = FJScannerTests;
			sourceTree = "<group>";
		};
		A5B1AEB2213D8A610009540D /* FJScannerUITests */ = {
			isa = PBXGroup;
			children = (
				A5B1AEB3213D8A610009540D /* FJScannerUITests.swift */,
				A5B1AEB5213D8A610009540D /* Info.plist */,
			);
			path = FJScannerUITests;
			sourceTree = "<group>";
		};
		B67F5FA08DA5347B0043C9CD /* Pods */ = {
			isa = PBXGroup;
			children = (
				6D059EEE0C6F58CB782B3267 /* Pods-FJScanner.debug.xcconfig */,
				8C5EE5EFC86F4B76629D2639 /* Pods-FJScanner.release.xcconfig */,
				1726049D4B2F9D476AB9203D /* Pods-FJScannerTests.debug.xcconfig */,
				41506A99EC819784BA76CA7B /* Pods-FJScannerTests.release.xcconfig */,
				68132069F1F7C1E0A0967105 /* Pods-FJScannerUITests.debug.xcconfig */,
				2FE6A31DFB57598B6DD178FA /* Pods-FJScannerUITests.release.xcconfig */,
			);
			name = Pods;
			sourceTree = "<group>";
		};
/* End PBXGroup section */

/* Begin PBXNativeTarget section */
		A50ACDA521672F3800BFFF63 /* TodayExtension */ = {
			isa = PBXNativeTarget;
			buildConfigurationList = A50ACDB521672F3800BFFF63 /* Build configuration list for PBXNativeTarget "TodayExtension" */;
			buildPhases = (
				A50ACDA221672F3800BFFF63 /* Sources */,
				A50ACDA321672F3800BFFF63 /* Frameworks */,
				A50ACDA421672F3800BFFF63 /* Resources */,
			);
			buildRules = (
			);
			dependencies = (
			);
			name = TodayExtension;
			productName = TodayExtension;
			productReference = A50ACDA621672F3800BFFF63 /* TodayExtension.appex */;
			productType = "com.apple.product-type.app-extension";
		};
		A50ACDBA21672F5D00BFFF63 /* MessageExtension */ = {
			isa = PBXNativeTarget;
			buildConfigurationList = A50ACDCA21672F5F00BFFF63 /* Build configuration list for PBXNativeTarget "MessageExtension" */;
			buildPhases = (
				A50ACDB721672F5D00BFFF63 /* Sources */,
				A50ACDB821672F5D00BFFF63 /* Frameworks */,
				A50ACDB921672F5D00BFFF63 /* Resources */,
			);
			buildRules = (
			);
			dependencies = (
			);
			name = MessageExtension;
			productName = MessageExtension;
			productReference = A50ACDBB21672F5D00BFFF63 /* MessageExtension.appex */;
			productType = "com.apple.product-type.app-extension.messages";
		};
		A5B1AE8F213D8A5F0009540D /* FJScanner */ = {
			isa = PBXNativeTarget;
			buildConfigurationList = A5B1AEB8213D8A610009540D /* Build configuration list for PBXNativeTarget "FJScanner" */;
			buildPhases = (
				4363ABF11FB817A623A90BB2 /* [CP] Check Pods Manifest.lock */,
				A5B1AE8C213D8A5F0009540D /* Sources */,
				A5B1AE8D213D8A5F0009540D /* Frameworks */,
				A5B1AE8E213D8A5F0009540D /* Resources */,
				60F2BC948B253D756D262F7B /* [CP] Embed Pods Frameworks */,
				A50ACDB621672F3800BFFF63 /* Embed App Extensions */,
			);
			buildRules = (
			);
			dependencies = (
				A50ACDB121672F3800BFFF63 /* PBXTargetDependency */,
				A50ACDC821672F5F00BFFF63 /* PBXTargetDependency */,
			);
			name = FJScanner;
			productName = FJScanner;
			productReference = A5B1AE90213D8A5F0009540D /* FJScanner.app */;
			productType = "com.apple.product-type.application";
		};
		A5B1AEA3213D8A610009540D /* FJScannerTests */ = {
			isa = PBXNativeTarget;
			buildConfigurationList = A5B1AEBB213D8A610009540D /* Build configuration list for PBXNativeTarget "FJScannerTests" */;
			buildPhases = (
				62BDAF5E96506957F4E874A8 /* [CP] Check Pods Manifest.lock */,
				A5B1AEA0213D8A610009540D /* Sources */,
				A5B1AEA1213D8A610009540D /* Frameworks */,
				A5B1AEA2213D8A610009540D /* Resources */,
			);
			buildRules = (
			);
			dependencies = (
				A5B1AEA6213D8A610009540D /* PBXTargetDependency */,
			);
			name = FJScannerTests;
			productName = FJScannerTests;
			productReference = A5B1AEA4213D8A610009540D /* FJScannerTests.xctest */;
			productType = "com.apple.product-type.bundle.unit-test";
		};
		A5B1AEAE213D8A610009540D /* FJScannerUITests */ = {
			isa = PBXNativeTarget;
			buildConfigurationList = A5B1AEBE213D8A610009540D /* Build configuration list for PBXNativeTarget "FJScannerUITests" */;
			buildPhases = (
				A1BAEE928E99088E89327348 /* [CP] Check Pods Manifest.lock */,
				A5B1AEAB213D8A610009540D /* Sources */,
				A5B1AEAC213D8A610009540D /* Frameworks */,
				A5B1AEAD213D8A610009540D /* Resources */,
			);
			buildRules = (
			);
			dependencies = (
				A5B1AEB1213D8A610009540D /* PBXTargetDependency */,
			);
			name = FJScannerUITests;
			productName = FJScannerUITests;
			productReference = A5B1AEAF213D8A610009540D /* FJScannerUITests.xctest */;
			productType = "com.apple.product-type.bundle.ui-testing";
		};
/* End PBXNativeTarget section */

/* Begin PBXProject section */
		A5B1AE88213D8A5F0009540D /* Project object */ = {
			isa = PBXProject;
			attributes = {
				LastSwiftUpdateCheck = 1000;
				LastUpgradeCheck = 0940;
				ORGANIZATIONNAME = "熊伟";
				TargetAttributes = {
					A50ACDA521672F3800BFFF63 = {
						CreatedOnToolsVersion = 10.0;
						SystemCapabilities = {
							com.apple.ApplicationGroups.iOS = {
								enabled = 1;
							};
						};
					};
					A50ACDBA21672F5D00BFFF63 = {
						CreatedOnToolsVersion = 10.0;
						SystemCapabilities = {
							com.apple.ApplicationGroups.iOS = {
								enabled = 1;
							};
						};
					};
					A5B1AE8F213D8A5F0009540D = {
						CreatedOnToolsVersion = 9.4.1;
						SystemCapabilities = {
							com.apple.ApplicationGroups.iOS = {
								enabled = 1;
							};
						};
					};
					A5B1AEA3213D8A610009540D = {
						CreatedOnToolsVersion = 9.4.1;
						TestTargetID = A5B1AE8F213D8A5F0009540D;
					};
					A5B1AEAE213D8A610009540D = {
						CreatedOnToolsVersion = 9.4.1;
						TestTargetID = A5B1AE8F213D8A5F0009540D;
					};
				};
			};
			buildConfigurationList = A5B1AE8B213D8A5F0009540D /* Build configuration list for PBXProject "FJScanner" */;
			compatibilityVersion = "Xcode 9.3";
			developmentRegion = en;
			hasScannedForEncodings = 0;
			knownRegions = (
				en,
				Base,
			);
			mainGroup = A5B1AE87213D8A5F0009540D;
			productRefGroup = A5B1AE91213D8A5F0009540D /* Products */;
			projectDirPath = "";
			projectRoot = "";
			targets = (
				A5B1AE8F213D8A5F0009540D /* FJScanner */,
				A5B1AEA3213D8A610009540D /* FJScannerTests */,
				A5B1AEAE213D8A610009540D /* FJScannerUITests */,
				A50ACDA521672F3800BFFF63 /* TodayExtension */,
				A50ACDBA21672F5D00BFFF63 /* MessageExtension */,
			);
		};
/* End PBXProject section */

/* Begin PBXResourcesBuildPhase section */
		A50ACDA421672F3800BFFF63 /* Resources */ = {
			isa = PBXResourcesBuildPhase;
			buildActionMask = 2147483647;
			files = (
				A50ACDAE21672F3800BFFF63 /* MainInterface.storyboard in Resources */,
			);
			runOnlyForDeploymentPostprocessing = 0;
		};
		A50ACDB921672F5D00BFFF63 /* Resources */ = {
			isa = PBXResourcesBuildPhase;
			buildActionMask = 2147483647;
			files = (
				A50ACDC521672F5F00BFFF63 /* Assets.xcassets in Resources */,
				A50ACDC321672F5D00BFFF63 /* MainInterface.storyboard in Resources */,
			);
			runOnlyForDeploymentPostprocessing = 0;
		};
		A5B1AE8E213D8A5F0009540D /* Resources */ = {
			isa = PBXResourcesBuildPhase;
			buildActionMask = 2147483647;
			files = (
				A5B1AE9E213D8A610009540D /* LaunchScreen.storyboard in Resources */,
				A5B1AE9B213D8A610009540D /* Assets.xcassets in Resources */,
				A5127CE8216844D2009069A3 /* FJContactDetailViewController.xib in Resources */,
			);
			runOnlyForDeploymentPostprocessing = 0;
		};
		A5B1AEA2213D8A610009540D /* Resources */ = {
			isa = PBXResourcesBuildPhase;
			buildActionMask = 2147483647;
			files = (
			);
			runOnlyForDeploymentPostprocessing = 0;
		};
		A5B1AEAD213D8A610009540D /* Resources */ = {
			isa = PBXResourcesBuildPhase;
			buildActionMask = 2147483647;
			files = (
			);
			runOnlyForDeploymentPostprocessing = 0;
		};
/* End PBXResourcesBuildPhase section */

/* Begin PBXShellScriptBuildPhase section */
		4363ABF11FB817A623A90BB2 /* [CP] Check Pods Manifest.lock */ = {
			isa = PBXShellScriptBuildPhase;
			buildActionMask = 2147483647;
			files = (
			);
			inputPaths = (
				"${PODS_PODFILE_DIR_PATH}/Podfile.lock",
				"${PODS_ROOT}/Manifest.lock",
			);
			name = "[CP] Check Pods Manifest.lock";
			outputPaths = (
				"$(DERIVED_FILE_DIR)/Pods-FJScanner-checkManifestLockResult.txt",
			);
			runOnlyForDeploymentPostprocessing = 0;
			shellPath = /bin/sh;
			shellScript = "diff \"${PODS_PODFILE_DIR_PATH}/Podfile.lock\" \"${PODS_ROOT}/Manifest.lock\" > /dev/null\nif [ $? != 0 ] ; then\n    # print error to STDERR\n    echo \"error: The sandbox is not in sync with the Podfile.lock. Run 'pod install' or update your CocoaPods installation.\" >&2\n    exit 1\nfi\n# This output is used by Xcode 'outputs' to avoid re-running this script phase.\necho \"SUCCESS\" > \"${SCRIPT_OUTPUT_FILE_0}\"\n";
			showEnvVarsInLog = 0;
		};
		60F2BC948B253D756D262F7B /* [CP] Embed Pods Frameworks */ = {
			isa = PBXShellScriptBuildPhase;
			buildActionMask = 2147483647;
			files = (
			);
			inputPaths = (
				"${SRCROOT}/Pods/Target Support Files/Pods-FJScanner/Pods-FJScanner-frameworks.sh",
				"${BUILT_PRODUCTS_DIR}/Realm/Realm.framework",
				"${BUILT_PRODUCTS_DIR}/RealmSwift/RealmSwift.framework",
				"${BUILT_PRODUCTS_DIR}/SnapKit/SnapKit.framework",
				"${BUILT_PRODUCTS_DIR}/SwiftDate/SwiftDate.framework",
			);
			name = "[CP] Embed Pods Frameworks";
			outputPaths = (
				"${TARGET_BUILD_DIR}/${FRAMEWORKS_FOLDER_PATH}/Realm.framework",
				"${TARGET_BUILD_DIR}/${FRAMEWORKS_FOLDER_PATH}/RealmSwift.framework",
				"${TARGET_BUILD_DIR}/${FRAMEWORKS_FOLDER_PATH}/SnapKit.framework",
				"${TARGET_BUILD_DIR}/${FRAMEWORKS_FOLDER_PATH}/SwiftDate.framework",
			);
			runOnlyForDeploymentPostprocessing = 0;
			shellPath = /bin/sh;
			shellScript = "\"${SRCROOT}/Pods/Target Support Files/Pods-FJScanner/Pods-FJScanner-frameworks.sh\"\n";
			showEnvVarsInLog = 0;
		};
		62BDAF5E96506957F4E874A8 /* [CP] Check Pods Manifest.lock */ = {
			isa = PBXShellScriptBuildPhase;
			buildActionMask = 2147483647;
			files = (
			);
			inputPaths = (
				"${PODS_PODFILE_DIR_PATH}/Podfile.lock",
				"${PODS_ROOT}/Manifest.lock",
			);
			name = "[CP] Check Pods Manifest.lock";
			outputPaths = (
				"$(DERIVED_FILE_DIR)/Pods-FJScannerTests-checkManifestLockResult.txt",
			);
			runOnlyForDeploymentPostprocessing = 0;
			shellPath = /bin/sh;
			shellScript = "diff \"${PODS_PODFILE_DIR_PATH}/Podfile.lock\" \"${PODS_ROOT}/Manifest.lock\" > /dev/null\nif [ $? != 0 ] ; then\n    # print error to STDERR\n    echo \"error: The sandbox is not in sync with the Podfile.lock. Run 'pod install' or update your CocoaPods installation.\" >&2\n    exit 1\nfi\n# This output is used by Xcode 'outputs' to avoid re-running this script phase.\necho \"SUCCESS\" > \"${SCRIPT_OUTPUT_FILE_0}\"\n";
			showEnvVarsInLog = 0;
		};
		A1BAEE928E99088E89327348 /* [CP] Check Pods Manifest.lock */ = {
			isa = PBXShellScriptBuildPhase;
			buildActionMask = 2147483647;
			files = (
			);
			inputPaths = (
				"${PODS_PODFILE_DIR_PATH}/Podfile.lock",
				"${PODS_ROOT}/Manifest.lock",
			);
			name = "[CP] Check Pods Manifest.lock";
			outputPaths = (
				"$(DERIVED_FILE_DIR)/Pods-FJScannerUITests-checkManifestLockResult.txt",
			);
			runOnlyForDeploymentPostprocessing = 0;
			shellPath = /bin/sh;
			shellScript = "diff \"${PODS_PODFILE_DIR_PATH}/Podfile.lock\" \"${PODS_ROOT}/Manifest.lock\" > /dev/null\nif [ $? != 0 ] ; then\n    # print error to STDERR\n    echo \"error: The sandbox is not in sync with the Podfile.lock. Run 'pod install' or update your CocoaPods installation.\" >&2\n    exit 1\nfi\n# This output is used by Xcode 'outputs' to avoid re-running this script phase.\necho \"SUCCESS\" > \"${SCRIPT_OUTPUT_FILE_0}\"\n";
			showEnvVarsInLog = 0;
		};
/* End PBXShellScriptBuildPhase section */

/* Begin PBXSourcesBuildPhase section */
		A50ACDA221672F3800BFFF63 /* Sources */ = {
			isa = PBXSourcesBuildPhase;
			buildActionMask = 2147483647;
			files = (
				A50ACDAB21672F3800BFFF63 /* TodayViewController.swift in Sources */,
			);
			runOnlyForDeploymentPostprocessing = 0;
		};
		A50ACDB721672F5D00BFFF63 /* Sources */ = {
			isa = PBXSourcesBuildPhase;
			buildActionMask = 2147483647;
			files = (
				A50ACDC021672F5D00BFFF63 /* MessagesViewController.swift in Sources */,
			);
			runOnlyForDeploymentPostprocessing = 0;
		};
		A5B1AE8C213D8A5F0009540D /* Sources */ = {
			isa = PBXSourcesBuildPhase;
			buildActionMask = 2147483647;
			files = (
				A533C0B7215E8892002ED0FB /* FJImageGeneratorViewController.swift in Sources */,
				A588ED39215FB7AD00B01B5F /* FJQRImageGenerateUtil.swift in Sources */,
				A5B1AEC8213D8EE10009540D /* FJCollectorViewController.swift in Sources */,
				A535F7562158DDFB009D9FDE /* Toast.swift in Sources */,
				A54B0359213EE5C6003EC412 /* FJQRMessage.swift in Sources */,
				A535F75A2158EBE7009D9FDE /* FJCollectTableViewCell.swift in Sources */,
				A535F75E2158F299009D9FDE /* FJUISchema.swift in Sources */,
				A5B1AEC4213D8C120009540D /* FJRootViewController.swift in Sources */,
				A5E636E121676D0900B3B739 /* FJBottomMenuView.swift in Sources */,
				A535F75C2158F00C009D9FDE /* FJMessageDetailViewController.swift in Sources */,
				A5B1AE94213D8A5F0009540D /* AppDelegate.swift in Sources */,
				A5442759215D297F002AC3DE /* StringExtension.swift in Sources */,
				A5127CE7216844D2009069A3 /* FJContactDetailViewController.swift in Sources */,
				A5B1AEC6213D8EC70009540D /* FJScannerViewController.swift in Sources */,
			);
			runOnlyForDeploymentPostprocessing = 0;
		};
		A5B1AEA0213D8A610009540D /* Sources */ = {
			isa = PBXSourcesBuildPhase;
			buildActionMask = 2147483647;
			files = (
				A5B1AEA9213D8A610009540D /* FJScannerTests.swift in Sources */,
			);
			runOnlyForDeploymentPostprocessing = 0;
		};
		A5B1AEAB213D8A610009540D /* Sources */ = {
			isa = PBXSourcesBuildPhase;
			buildActionMask = 2147483647;
			files = (
				A5B1AEB4213D8A610009540D /* FJScannerUITests.swift in Sources */,
			);
			runOnlyForDeploymentPostprocessing = 0;
		};
/* End PBXSourcesBuildPhase section */

/* Begin PBXTargetDependency section */
		A50ACDB121672F3800BFFF63 /* PBXTargetDependency */ = {
			isa = PBXTargetDependency;
			target = A50ACDA521672F3800BFFF63 /* TodayExtension */;
			targetProxy = A50ACDB021672F3800BFFF63 /* PBXContainerItemProxy */;
		};
		A50ACDC821672F5F00BFFF63 /* PBXTargetDependency */ = {
			isa = PBXTargetDependency;
			target = A50ACDBA21672F5D00BFFF63 /* MessageExtension */;
			targetProxy = A50ACDC721672F5F00BFFF63 /* PBXContainerItemProxy */;
		};
		A5B1AEA6213D8A610009540D /* PBXTargetDependency */ = {
			isa = PBXTargetDependency;
			target = A5B1AE8F213D8A5F0009540D /* FJScanner */;
			targetProxy = A5B1AEA5213D8A610009540D /* PBXContainerItemProxy */;
		};
		A5B1AEB1213D8A610009540D /* PBXTargetDependency */ = {
			isa = PBXTargetDependency;
			target = A5B1AE8F213D8A5F0009540D /* FJScanner */;
			targetProxy = A5B1AEB0213D8A610009540D /* PBXContainerItemProxy */;
		};
/* End PBXTargetDependency section */

/* Begin PBXVariantGroup section */
		A50ACDAC21672F3800BFFF63 /* MainInterface.storyboard */ = {
			isa = PBXVariantGroup;
			children = (
				A50ACDAD21672F3800BFFF63 /* Base */,
			);
			name = MainInterface.storyboard;
			sourceTree = "<group>";
		};
		A50ACDC121672F5D00BFFF63 /* MainInterface.storyboard */ = {
			isa = PBXVariantGroup;
			children = (
				A50ACDC221672F5D00BFFF63 /* Base */,
			);
			name = MainInterface.storyboard;
			sourceTree = "<group>";
		};
		A5B1AE9C213D8A610009540D /* LaunchScreen.storyboard */ = {
			isa = PBXVariantGroup;
			children = (
				A5B1AE9D213D8A610009540D /* Base */,
			);
			name = LaunchScreen.storyboard;
			sourceTree = "<group>";
		};
/* End PBXVariantGroup section */

/* Begin XCBuildConfiguration section */
		A50ACDB321672F3800BFFF63 /* Debug */ = {
			isa = XCBuildConfiguration;
			buildSettings = {
				CODE_SIGN_ENTITLEMENTS = TodayExtension/TodayExtension.entitlements;
				CODE_SIGN_STYLE = Automatic;
				DEVELOPMENT_TEAM = 2FWNJCD9X7;
				INFOPLIST_FILE = TodayExtension/Info.plist;
				IPHONEOS_DEPLOYMENT_TARGET = 12.0;
				LD_RUNPATH_SEARCH_PATHS = (
					"$(inherited)",
					"@executable_path/Frameworks",
					"@executable_path/../../Frameworks",
				);
				MTL_ENABLE_DEBUG_INFO = INCLUDE_SOURCE;
				MTL_FAST_MATH = YES;
				PRODUCT_BUNDLE_IDENTIFIER = com.bear.FJScanner.TodayExtension;
				PRODUCT_NAME = "$(TARGET_NAME)";
				SKIP_INSTALL = YES;
				SWIFT_VERSION = 4.2;
				TARGETED_DEVICE_FAMILY = "1,2";
			};
			name = Debug;
		};
		A50ACDB421672F3800BFFF63 /* Release */ = {
			isa = XCBuildConfiguration;
			buildSettings = {
				CODE_SIGN_ENTITLEMENTS = TodayExtension/TodayExtension.entitlements;
				CODE_SIGN_STYLE = Automatic;
				DEVELOPMENT_TEAM = 2FWNJCD9X7;
				INFOPLIST_FILE = TodayExtension/Info.plist;
				IPHONEOS_DEPLOYMENT_TARGET = 12.0;
				LD_RUNPATH_SEARCH_PATHS = (
					"$(inherited)",
					"@executable_path/Frameworks",
					"@executable_path/../../Frameworks",
				);
				MTL_FAST_MATH = YES;
				PRODUCT_BUNDLE_IDENTIFIER = com.bear.FJScanner.TodayExtension;
				PRODUCT_NAME = "$(TARGET_NAME)";
				SKIP_INSTALL = YES;
				SWIFT_VERSION = 4.2;
				TARGETED_DEVICE_FAMILY = "1,2";
			};
			name = Release;
		};
		A50ACDCB21672F5F00BFFF63 /* Debug */ = {
			isa = XCBuildConfiguration;
			buildSettings = {
				ASSETCATALOG_COMPILER_APPICON_NAME = "iMessage App Icon";
				CODE_SIGN_ENTITLEMENTS = MessageExtension/MessageExtension.entitlements;
				CODE_SIGN_STYLE = Automatic;
				DEVELOPMENT_TEAM = 2FWNJCD9X7;
				INFOPLIST_FILE = MessageExtension/Info.plist;
				IPHONEOS_DEPLOYMENT_TARGET = 12.0;
				LD_RUNPATH_SEARCH_PATHS = (
					"$(inherited)",
					"@executable_path/Frameworks",
					"@executable_path/../../Frameworks",
				);
				MTL_ENABLE_DEBUG_INFO = INCLUDE_SOURCE;
				MTL_FAST_MATH = YES;
				PRODUCT_BUNDLE_IDENTIFIER = com.bear.FJScanner.MessageExtension;
				PRODUCT_NAME = "$(TARGET_NAME)";
				SKIP_INSTALL = YES;
				SWIFT_VERSION = 4.2;
				TARGETED_DEVICE_FAMILY = "1,2";
			};
			name = Debug;
		};
		A50ACDCC21672F5F00BFFF63 /* Release */ = {
			isa = XCBuildConfiguration;
			buildSettings = {
				ASSETCATALOG_COMPILER_APPICON_NAME = "iMessage App Icon";
				CODE_SIGN_ENTITLEMENTS = MessageExtension/MessageExtension.entitlements;
				CODE_SIGN_STYLE = Automatic;
				DEVELOPMENT_TEAM = 2FWNJCD9X7;
				INFOPLIST_FILE = MessageExtension/Info.plist;
				IPHONEOS_DEPLOYMENT_TARGET = 12.0;
				LD_RUNPATH_SEARCH_PATHS = (
					"$(inherited)",
					"@executable_path/Frameworks",
					"@executable_path/../../Frameworks",
				);
				MTL_FAST_MATH = YES;
				PRODUCT_BUNDLE_IDENTIFIER = com.bear.FJScanner.MessageExtension;
				PRODUCT_NAME = "$(TARGET_NAME)";
				SKIP_INSTALL = YES;
				SWIFT_VERSION = 4.2;
				TARGETED_DEVICE_FAMILY = "1,2";
			};
			name = Release;
		};
		A5B1AEB6213D8A610009540D /* Debug */ = {
			isa = XCBuildConfiguration;
			buildSettings = {
				ALWAYS_SEARCH_USER_PATHS = NO;
				CLANG_ANALYZER_NONNULL = YES;
				CLANG_ANALYZER_NUMBER_OBJECT_CONVERSION = YES_AGGRESSIVE;
				CLANG_CXX_LANGUAGE_STANDARD = "gnu++14";
				CLANG_CXX_LIBRARY = "libc++";
				CLANG_ENABLE_MODULES = YES;
				CLANG_ENABLE_OBJC_ARC = YES;
				CLANG_ENABLE_OBJC_WEAK = YES;
				CLANG_WARN_BLOCK_CAPTURE_AUTORELEASING = YES;
				CLANG_WARN_BOOL_CONVERSION = YES;
				CLANG_WARN_COMMA = YES;
				CLANG_WARN_CONSTANT_CONVERSION = YES;
				CLANG_WARN_DEPRECATED_OBJC_IMPLEMENTATIONS = YES;
				CLANG_WARN_DIRECT_OBJC_ISA_USAGE = YES_ERROR;
				CLANG_WARN_DOCUMENTATION_COMMENTS = YES;
				CLANG_WARN_EMPTY_BODY = YES;
				CLANG_WARN_ENUM_CONVERSION = YES;
				CLANG_WARN_INFINITE_RECURSION = YES;
				CLANG_WARN_INT_CONVERSION = YES;
				CLANG_WARN_NON_LITERAL_NULL_CONVERSION = YES;
				CLANG_WARN_OBJC_IMPLICIT_RETAIN_SELF = YES;
				CLANG_WARN_OBJC_LITERAL_CONVERSION = YES;
				CLANG_WARN_OBJC_ROOT_CLASS = YES_ERROR;
				CLANG_WARN_RANGE_LOOP_ANALYSIS = YES;
				CLANG_WARN_STRICT_PROTOTYPES = YES;
				CLANG_WARN_SUSPICIOUS_MOVE = YES;
				CLANG_WARN_UNGUARDED_AVAILABILITY = YES_AGGRESSIVE;
				CLANG_WARN_UNREACHABLE_CODE = YES;
				CLANG_WARN__DUPLICATE_METHOD_MATCH = YES;
				CODE_SIGN_IDENTITY = "iPhone Developer";
				COPY_PHASE_STRIP = NO;
				DEBUG_INFORMATION_FORMAT = dwarf;
				ENABLE_STRICT_OBJC_MSGSEND = YES;
				ENABLE_TESTABILITY = YES;
				GCC_C_LANGUAGE_STANDARD = gnu11;
				GCC_DYNAMIC_NO_PIC = NO;
				GCC_NO_COMMON_BLOCKS = YES;
				GCC_OPTIMIZATION_LEVEL = 0;
				GCC_PREPROCESSOR_DEFINITIONS = (
					"DEBUG=1",
					"$(inherited)",
				);
				GCC_WARN_64_TO_32_BIT_CONVERSION = YES;
				GCC_WARN_ABOUT_RETURN_TYPE = YES_ERROR;
				GCC_WARN_UNDECLARED_SELECTOR = YES;
				GCC_WARN_UNINITIALIZED_AUTOS = YES_AGGRESSIVE;
				GCC_WARN_UNUSED_FUNCTION = YES;
				GCC_WARN_UNUSED_VARIABLE = YES;
				IPHONEOS_DEPLOYMENT_TARGET = 11.0;
				MTL_ENABLE_DEBUG_INFO = YES;
				ONLY_ACTIVE_ARCH = YES;
				SDKROOT = iphoneos;
				SWIFT_ACTIVE_COMPILATION_CONDITIONS = DEBUG;
				SWIFT_OPTIMIZATION_LEVEL = "-Onone";
			};
			name = Debug;
		};
		A5B1AEB7213D8A610009540D /* Release */ = {
			isa = XCBuildConfiguration;
			buildSettings = {
				ALWAYS_SEARCH_USER_PATHS = NO;
				CLANG_ANALYZER_NONNULL = YES;
				CLANG_ANALYZER_NUMBER_OBJECT_CONVERSION = YES_AGGRESSIVE;
				CLANG_CXX_LANGUAGE_STANDARD = "gnu++14";
				CLANG_CXX_LIBRARY = "libc++";
				CLANG_ENABLE_MODULES = YES;
				CLANG_ENABLE_OBJC_ARC = YES;
				CLANG_ENABLE_OBJC_WEAK = YES;
				CLANG_WARN_BLOCK_CAPTURE_AUTORELEASING = YES;
				CLANG_WARN_BOOL_CONVERSION = YES;
				CLANG_WARN_COMMA = YES;
				CLANG_WARN_CONSTANT_CONVERSION = YES;
				CLANG_WARN_DEPRECATED_OBJC_IMPLEMENTATIONS = YES;
				CLANG_WARN_DIRECT_OBJC_ISA_USAGE = YES_ERROR;
				CLANG_WARN_DOCUMENTATION_COMMENTS = YES;
				CLANG_WARN_EMPTY_BODY = YES;
				CLANG_WARN_ENUM_CONVERSION = YES;
				CLANG_WARN_INFINITE_RECURSION = YES;
				CLANG_WARN_INT_CONVERSION = YES;
				CLANG_WARN_NON_LITERAL_NULL_CONVERSION = YES;
				CLANG_WARN_OBJC_IMPLICIT_RETAIN_SELF = YES;
				CLANG_WARN_OBJC_LITERAL_CONVERSION = YES;
				CLANG_WARN_OBJC_ROOT_CLASS = YES_ERROR;
				CLANG_WARN_RANGE_LOOP_ANALYSIS = YES;
				CLANG_WARN_STRICT_PROTOTYPES = YES;
				CLANG_WARN_SUSPICIOUS_MOVE = YES;
				CLANG_WARN_UNGUARDED_AVAILABILITY = YES_AGGRESSIVE;
				CLANG_WARN_UNREACHABLE_CODE = YES;
				CLANG_WARN__DUPLICATE_METHOD_MATCH = YES;
				CODE_SIGN_IDENTITY = "iPhone Developer";
				COPY_PHASE_STRIP = NO;
				DEBUG_INFORMATION_FORMAT = "dwarf-with-dsym";
				ENABLE_NS_ASSERTIONS = NO;
				ENABLE_STRICT_OBJC_MSGSEND = YES;
				GCC_C_LANGUAGE_STANDARD = gnu11;
				GCC_NO_COMMON_BLOCKS = YES;
				GCC_WARN_64_TO_32_BIT_CONVERSION = YES;
				GCC_WARN_ABOUT_RETURN_TYPE = YES_ERROR;
				GCC_WARN_UNDECLARED_SELECTOR = YES;
				GCC_WARN_UNINITIALIZED_AUTOS = YES_AGGRESSIVE;
				GCC_WARN_UNUSED_FUNCTION = YES;
				GCC_WARN_UNUSED_VARIABLE = YES;
				IPHONEOS_DEPLOYMENT_TARGET = 11.0;
				MTL_ENABLE_DEBUG_INFO = NO;
				SDKROOT = iphoneos;
				SWIFT_COMPILATION_MODE = wholemodule;
				SWIFT_OPTIMIZATION_LEVEL = "-O";
				VALIDATE_PRODUCT = YES;
			};
			name = Release;
		};
		A5B1AEB9213D8A610009540D /* Debug */ = {
			isa = XCBuildConfiguration;
			baseConfigurationReference = 6D059EEE0C6F58CB782B3267 /* Pods-FJScanner.debug.xcconfig */;
			buildSettings = {
				ALWAYS_EMBED_SWIFT_STANDARD_LIBRARIES = YES;
				ASSETCATALOG_COMPILER_APPICON_NAME = AppIcon;
				CODE_SIGN_ENTITLEMENTS = FJScanner/FJScanner.entitlements;
				CODE_SIGN_STYLE = Automatic;
				DEVELOPMENT_TEAM = 2FWNJCD9X7;
				INFOPLIST_FILE = FJScanner/Info.plist;
				IPHONEOS_DEPLOYMENT_TARGET = 11.0;
				LD_RUNPATH_SEARCH_PATHS = (
					"$(inherited)",
					"@executable_path/Frameworks",
				);
				PRODUCT_BUNDLE_IDENTIFIER = com.bear.FJScanner;
				PRODUCT_NAME = "$(TARGET_NAME)";
				SWIFT_VERSION = 4.0;
				TARGETED_DEVICE_FAMILY = "1,2";
			};
			name = Debug;
		};
		A5B1AEBA213D8A610009540D /* Release */ = {
			isa = XCBuildConfiguration;
			baseConfigurationReference = 8C5EE5EFC86F4B76629D2639 /* Pods-FJScanner.release.xcconfig */;
			buildSettings = {
				ALWAYS_EMBED_SWIFT_STANDARD_LIBRARIES = YES;
				ASSETCATALOG_COMPILER_APPICON_NAME = AppIcon;
				CODE_SIGN_ENTITLEMENTS = FJScanner/FJScanner.entitlements;
				CODE_SIGN_STYLE = Automatic;
				DEVELOPMENT_TEAM = 2FWNJCD9X7;
				INFOPLIST_FILE = FJScanner/Info.plist;
				IPHONEOS_DEPLOYMENT_TARGET = 11.0;
				LD_RUNPATH_SEARCH_PATHS = (
					"$(inherited)",
					"@executable_path/Frameworks",
				);
				PRODUCT_BUNDLE_IDENTIFIER = com.bear.FJScanner;
				PRODUCT_NAME = "$(TARGET_NAME)";
				SWIFT_VERSION = 4.0;
				TARGETED_DEVICE_FAMILY = "1,2";
			};
			name = Release;
		};
		A5B1AEBC213D8A610009540D /* Debug */ = {
			isa = XCBuildConfiguration;
			baseConfigurationReference = 1726049D4B2F9D476AB9203D /* Pods-FJScannerTests.debug.xcconfig */;
			buildSettings = {
				ALWAYS_EMBED_SWIFT_STANDARD_LIBRARIES = YES;
				BUNDLE_LOADER = "$(TEST_HOST)";
				CODE_SIGN_STYLE = Automatic;
				DEVELOPMENT_TEAM = 2FWNJCD9X7;
				INFOPLIST_FILE = FJScannerTests/Info.plist;
				LD_RUNPATH_SEARCH_PATHS = (
					"$(inherited)",
					"@executable_path/Frameworks",
					"@loader_path/Frameworks",
				);
				PRODUCT_BUNDLE_IDENTIFIER = com.bear.FJScannerTests;
				PRODUCT_NAME = "$(TARGET_NAME)";
				SWIFT_VERSION = 4.0;
				TARGETED_DEVICE_FAMILY = "1,2";
				TEST_HOST = "$(BUILT_PRODUCTS_DIR)/FJScanner.app/FJScanner";
			};
			name = Debug;
		};
		A5B1AEBD213D8A610009540D /* Release */ = {
			isa = XCBuildConfiguration;
			baseConfigurationReference = 41506A99EC819784BA76CA7B /* Pods-FJScannerTests.release.xcconfig */;
			buildSettings = {
				ALWAYS_EMBED_SWIFT_STANDARD_LIBRARIES = YES;
				BUNDLE_LOADER = "$(TEST_HOST)";
				CODE_SIGN_STYLE = Automatic;
				DEVELOPMENT_TEAM = 2FWNJCD9X7;
				INFOPLIST_FILE = FJScannerTests/Info.plist;
				LD_RUNPATH_SEARCH_PATHS = (
					"$(inherited)",
					"@executable_path/Frameworks",
					"@loader_path/Frameworks",
				);
				PRODUCT_BUNDLE_IDENTIFIER = com.bear.FJScannerTests;
				PRODUCT_NAME = "$(TARGET_NAME)";
				SWIFT_VERSION = 4.0;
				TARGETED_DEVICE_FAMILY = "1,2";
				TEST_HOST = "$(BUILT_PRODUCTS_DIR)/FJScanner.app/FJScanner";
			};
			name = Release;
		};
		A5B1AEBF213D8A610009540D /* Debug */ = {
			isa = XCBuildConfiguration;
			baseConfigurationReference = 68132069F1F7C1E0A0967105 /* Pods-FJScannerUITests.debug.xcconfig */;
			buildSettings = {
				ALWAYS_EMBED_SWIFT_STANDARD_LIBRARIES = YES;
				CODE_SIGN_STYLE = Automatic;
				DEVELOPMENT_TEAM = 2FWNJCD9X7;
				INFOPLIST_FILE = FJScannerUITests/Info.plist;
				LD_RUNPATH_SEARCH_PATHS = (
					"$(inherited)",
					"@executable_path/Frameworks",
					"@loader_path/Frameworks",
				);
				PRODUCT_BUNDLE_IDENTIFIER = com.bear.FJScannerUITests;
				PRODUCT_NAME = "$(TARGET_NAME)";
				SWIFT_VERSION = 4.0;
				TARGETED_DEVICE_FAMILY = "1,2";
				TEST_TARGET_NAME = FJScanner;
			};
			name = Debug;
		};
		A5B1AEC0213D8A610009540D /* Release */ = {
			isa = XCBuildConfiguration;
			baseConfigurationReference = 2FE6A31DFB57598B6DD178FA /* Pods-FJScannerUITests.release.xcconfig */;
			buildSettings = {
				ALWAYS_EMBED_SWIFT_STANDARD_LIBRARIES = YES;
				CODE_SIGN_STYLE = Automatic;
				DEVELOPMENT_TEAM = 2FWNJCD9X7;
				INFOPLIST_FILE = FJScannerUITests/Info.plist;
				LD_RUNPATH_SEARCH_PATHS = (
					"$(inherited)",
					"@executable_path/Frameworks",
					"@loader_path/Frameworks",
				);
				PRODUCT_BUNDLE_IDENTIFIER = com.bear.FJScannerUITests;
				PRODUCT_NAME = "$(TARGET_NAME)";
				SWIFT_VERSION = 4.0;
				TARGETED_DEVICE_FAMILY = "1,2";
				TEST_TARGET_NAME = FJScanner;
			};
			name = Release;
		};
/* End XCBuildConfiguration section */

/* Begin XCConfigurationList section */
		A50ACDB521672F3800BFFF63 /* Build configuration list for PBXNativeTarget "TodayExtension" */ = {
			isa = XCConfigurationList;
			buildConfigurations = (
				A50ACDB321672F3800BFFF63 /* Debug */,
				A50ACDB421672F3800BFFF63 /* Release */,
			);
			defaultConfigurationIsVisible = 0;
			defaultConfigurationName = Release;
		};
		A50ACDCA21672F5F00BFFF63 /* Build configuration list for PBXNativeTarget "MessageExtension" */ = {
			isa = XCConfigurationList;
			buildConfigurations = (
				A50ACDCB21672F5F00BFFF63 /* Debug */,
				A50ACDCC21672F5F00BFFF63 /* Release */,
			);
			defaultConfigurationIsVisible = 0;
			defaultConfigurationName = Release;
		};
		A5B1AE8B213D8A5F0009540D /* Build configuration list for PBXProject "FJScanner" */ = {
			isa = XCConfigurationList;
			buildConfigurations = (
				A5B1AEB6213D8A610009540D /* Debug */,
				A5B1AEB7213D8A610009540D /* Release */,
			);
			defaultConfigurationIsVisible = 0;
			defaultConfigurationName = Release;
		};
		A5B1AEB8213D8A610009540D /* Build configuration list for PBXNativeTarget "FJScanner" */ = {
			isa = XCConfigurationList;
			buildConfigurations = (
				A5B1AEB9213D8A610009540D /* Debug */,
				A5B1AEBA213D8A610009540D /* Release */,
			);
			defaultConfigurationIsVisible = 0;
			defaultConfigurationName = Release;
		};
		A5B1AEBB213D8A610009540D /* Build configuration list for PBXNativeTarget "FJScannerTests" */ = {
			isa = XCConfigurationList;
			buildConfigurations = (
				A5B1AEBC213D8A610009540D /* Debug */,
				A5B1AEBD213D8A610009540D /* Release */,
			);
			defaultConfigurationIsVisible = 0;
			defaultConfigurationName = Release;
		};
		A5B1AEBE213D8A610009540D /* Build configuration list for PBXNativeTarget "FJScannerUITests" */ = {
			isa = XCConfigurationList;
			buildConfigurations = (
				A5B1AEBF213D8A610009540D /* Debug */,
				A5B1AEC0213D8A610009540D /* Release */,
			);
			defaultConfigurationIsVisible = 0;
			defaultConfigurationName = Release;
		};
/* End XCConfigurationList section */
	};
	rootObject = A5B1AE88213D8A5F0009540D /* Project object */;
}
